{
  "name": "Selfweb",
  "lockfileVersion": 3,
  "requires": true,
  "packages": {
    "": {
      "dependencies": {
        "@chinese-fonts/dyh": "^3.0.0",
        "@chinese-fonts/syst": "^3.0.0"
      }
    },
    "node_modules/@chinese-fonts/dyh": {
      "version": "3.0.0",
      "resolved": "https://registry.npmjs.org/@chinese-fonts/dyh/-/dyh-3.0.0.tgz",
      "integrity": "sha512-7Q2U5TrP63mqju4iFZ/1r3gcYYvi1Ixmil0BV6DahnxRjesZQjbYNccYgfKrqAKEcskl3mzCQCs81EZv/sjZdw==",
      "license": "MIT"
    },
    "node_modules/@chinese-fonts/syst": {
      "version": "3.0.0",
      "resolved": "https://registry.npmjs.org/@chinese-fonts/syst/-/syst-3.0.0.tgz",
      "integrity": "sha512-PtFktHMH1D3llysR4kwXj3Lrq+aLaPn6COlHEGkujsurvk70zXMXSdOCV0V5fMNZiYhp08A1+JmgEqpWxQ98Cg==",
      "license": "MIT"
    }
  }
}
